
Microsoft Visual Studio Solution File, Format Version 12.00
# Visual Studio Version 17
VisualStudioVersion = 17.14.36301.6 d17.14
MinimumVisualStudioVersion = 10.0.40219.1
Project("{FAE04EC0-301F-11D3-BF4B-00C04F79EFBC}") = "PizzaCleanApp.API", "PizzaCleanApp\PizzaCleanApp.API.csproj", "{8A95C9AC-84D3-4DB7-9E3C-39F43BA1665E}"
EndProject
Project("{FAE04EC0-301F-11D3-BF4B-00C04F79EFBC}") = "PizzaCleanApp.Core", "PizzaCleanApp.Core\PizzaCleanApp.Core.csproj", "{388447CD-F675-4D8C-9955-F206705EFD6A}"
EndProject
Project("{FAE04EC0-301F-11D3-BF4B-00C04F79EFBC}") = "PizzaCleanApp.Infrastructure", "PizzaCleanApp.Infrastructure\PizzaCleanApp.Infrastructure.csproj", "{039E03C2-FDFF-4265-9A04-5092FF6765F5}"
EndProject
Global
	GlobalSection(SolutionConfigurationPlatforms) = preSolution
		Debug|Any CPU = Debug|Any CPU
		Release|Any CPU = Release|Any CPU
	EndGlobalSection
	GlobalSection(ProjectConfigurationPlatforms) = postSolution
		{8A95C9AC-84D3-4DB7-9E3C-39F43BA1665E}.Debug|Any CPU.ActiveCfg = Debug|Any CPU
		{8A95C9AC-84D3-4DB7-9E3C-39F43BA1665E}.Debug|Any CPU.Build.0 = Debug|Any CPU
		{8A95C9AC-84D3-4DB7-9E3C-39F43BA1665E}.Release|Any CPU.ActiveCfg = Release|Any CPU
		{8A95C9AC-84D3-4DB7-9E3C-39F43BA1665E}.Release|Any CPU.Build.0 = Release|Any CPU
		{388447CD-F675-4D8C-9955-F206705EFD6A}.Debug|Any CPU.ActiveCfg = Debug|Any CPU
		{388447CD-F675-4D8C-9955-F206705EFD6A}.Debug|Any CPU.Build.0 = Debug|Any CPU
		{388447CD-F675-4D8C-9955-F206705EFD6A}.Release|Any CPU.ActiveCfg = Release|Any CPU
		{388447CD-F675-4D8C-9955-F206705EFD6A}.Release|Any CPU.Build.0 = Release|Any CPU
		{039E03C2-FDFF-4265-9A04-5092FF6765F5}.Debug|Any CPU.ActiveCfg = Debug|Any CPU
		{039E03C2-FDFF-4265-9A04-5092FF6765F5}.Debug|Any CPU.Build.0 = Debug|Any CPU
		{039E03C2-FDFF-4265-9A04-5092FF6765F5}.Release|Any CPU.ActiveCfg = Release|Any CPU
		{039E03C2-FDFF-4265-9A04-5092FF6765F5}.Release|Any CPU.Build.0 = Release|Any CPU
	EndGlobalSection
	GlobalSection(SolutionProperties) = preSolution
		HideSolutionNode = FALSE
	EndGlobalSection
	GlobalSection(ExtensibilityGlobals) = postSolution
		SolutionGuid = {06E28F5C-080A-441E-849F-D160356F6685}
	EndGlobalSection
EndGlobal
